// !$*UTF8*$!
{
	archiveVersion = 1;
	classes = {
	};
	objectVersion = 56;
	objects = {

/* Begin PBXBuildFile section */
		AB1E73932993D000009A44E4 /* WriteViewController.swift in Sources */ = {isa = PBXBuildFile; fileRef = AB1E73922993D000009A44E4 /* WriteViewController.swift */; };
		AB4CFF962998C842006A3866 /* BoardMenuViewController.swift in Sources */ = {isa = PBXBuildFile; fileRef = AB4CFF952998C842006A3866 /* BoardMenuViewController.swift */; };
		AB4CFF982998C89F006A3866 /* CareerMenuViewController.swift in Sources */ = {isa = PBXBuildFile; fileRef = AB4CFF972998C89F006A3866 /* CareerMenuViewController.swift */; };
		AB4CFF9A2998C8B4006A3866 /* AdvertiseMenuViewController.swift in Sources */ = {isa = PBXBuildFile; fileRef = AB4CFF992998C8B4006A3866 /* AdvertiseMenuViewController.swift */; };
		AB4CFF9C2998C8D0006A3866 /* GroupMenuViewController.swift in Sources */ = {isa = PBXBuildFile; fileRef = AB4CFF9B2998C8D0006A3866 /* GroupMenuViewController.swift */; };
		AB4CFF9F2998D8A5006A3866 /* MenuTabCollectionViewCell.swift in Sources */ = {isa = PBXBuildFile; fileRef = AB4CFF9E2998D8A5006A3866 /* MenuTabCollectionViewCell.swift */; };
		AB5C7C2429812FAF00CCD3D9 /* FavoriteBoardModel.swift in Sources */ = {isa = PBXBuildFile; fileRef = AB5C7C2329812FAF00CCD3D9 /* FavoriteBoardModel.swift */; };
		AB5C7C26298131EF00CCD3D9 /* MenuModel.swift in Sources */ = {isa = PBXBuildFile; fileRef = AB5C7C25298131EF00CCD3D9 /* MenuModel.swift */; };
		AB7DCCC1297D9136002F46FE /* EventCollectionViewCell.swift in Sources */ = {isa = PBXBuildFile; fileRef = AB7DCCC0297D9136002F46FE /* EventCollectionViewCell.swift */; };
		AB7DCCC9297D9E21002F46FE /* MenuCollectionViewCell.swift in Sources */ = {isa = PBXBuildFile; fileRef = AB7DCCC8297D9E21002F46FE /* MenuCollectionViewCell.swift */; };
		AB7DCCCB297DAA65002F46FE /* BoardTableViewCell.swift in Sources */ = {isa = PBXBuildFile; fileRef = AB7DCCCA297DAA65002F46FE /* BoardTableViewCell.swift */; };
		AB7DCCCD297FD82D002F46FE /* BoardPreviewTableViewCell.swift in Sources */ = {isa = PBXBuildFile; fileRef = AB7DCCCC297FD82D002F46FE /* BoardPreviewTableViewCell.swift */; };
		AB7DCCCF297FDD13002F46FE /* HomeTableViewHeader.swift in Sources */ = {isa = PBXBuildFile; fileRef = AB7DCCCE297FDD13002F46FE /* HomeTableViewHeader.swift */; };
		AB7DCCD1297FDD9E002F46FE /* UITableViewHeaderFooterView +.swift in Sources */ = {isa = PBXBuildFile; fileRef = AB7DCCD0297FDD9E002F46FE /* UITableViewHeaderFooterView +.swift */; };
		AB8B570B29A360E10059EBDC /* MenuBoardPostViewController.swift in Sources */ = {isa = PBXBuildFile; fileRef = AB8B570A29A360E10059EBDC /* MenuBoardPostViewController.swift */; };
		AB8B570D29A364AB0059EBDC /* ModifyPostViewController.swift in Sources */ = {isa = PBXBuildFile; fileRef = AB8B570C29A364AB0059EBDC /* ModifyPostViewController.swift */; };
		AB8B570F29A38EC80059EBDC /* MenuBoardListViewController.swift in Sources */ = {isa = PBXBuildFile; fileRef = AB8B570E29A38EC80059EBDC /* MenuBoardListViewController.swift */; };
		AB8B571729A5D5510059EBDC /* BoardSearchCollectionViewCell.swift in Sources */ = {isa = PBXBuildFile; fileRef = AB8B571629A5D5510059EBDC /* BoardSearchCollectionViewCell.swift */; };
		AB8B571929A5D8B60059EBDC /* BoardSearchViewController.swift in Sources */ = {isa = PBXBuildFile; fileRef = AB8B571829A5D8B60059EBDC /* BoardSearchViewController.swift */; };
		AB9A61EC299CB0BC005CA2DB /* MainMenuCollectionViewCell.swift in Sources */ = {isa = PBXBuildFile; fileRef = AB9A61EB299CB0BC005CA2DB /* MainMenuCollectionViewCell.swift */; };
		AB9A61F0299CB881005CA2DB /* MainDetailTableViewCell.swift in Sources */ = {isa = PBXBuildFile; fileRef = AB9A61EF299CB881005CA2DB /* MainDetailTableViewCell.swift */; };
		AB9A61F3299CC0BD005CA2DB /* BoardMainMenuModel.swift in Sources */ = {isa = PBXBuildFile; fileRef = AB9A61F2299CC0BD005CA2DB /* BoardMainMenuModel.swift */; };
		AB9A61F5299CC439005CA2DB /* MenuBoardMyListViewController.swift in Sources */ = {isa = PBXBuildFile; fileRef = AB9A61F4299CC439005CA2DB /* MenuBoardMyListViewController.swift */; };
		AB9A61F7299CCF36005CA2DB /* PinMenuCollectionViewCell.swift in Sources */ = {isa = PBXBuildFile; fileRef = AB9A61F6299CCF36005CA2DB /* PinMenuCollectionViewCell.swift */; };
		AB9A61F9299CD177005CA2DB /* PinDetailTableViewCell.swift in Sources */ = {isa = PBXBuildFile; fileRef = AB9A61F8299CD177005CA2DB /* PinDetailTableViewCell.swift */; };
		AB9A61FB299CD3AA005CA2DB /* PinMenuModel.swift in Sources */ = {isa = PBXBuildFile; fileRef = AB9A61FA299CD3AA005CA2DB /* PinMenuModel.swift */; };
		ABA5BF402987C09E007A6BD5 /* BoardViewController.swift in Sources */ = {isa = PBXBuildFile; fileRef = ABA5BF3F2987C09E007A6BD5 /* BoardViewController.swift */; };
		ABB1745A2988078E000165E6 /* BoardTableViewHeader.swift in Sources */ = {isa = PBXBuildFile; fileRef = ABB174592988078E000165E6 /* BoardTableViewHeader.swift */; };
		ABB1746729880F6F000165E6 /* PostTableViewCell.swift in Sources */ = {isa = PBXBuildFile; fileRef = ABB1746629880F6F000165E6 /* PostTableViewCell.swift */; };
		ABB1746A298824E6000165E6 /* PostModel.swift in Sources */ = {isa = PBXBuildFile; fileRef = ABB17469298824E6000165E6 /* PostModel.swift */; };
		ABB1746E2988D8CB000165E6 /* PostDetailViewController.swift in Sources */ = {isa = PBXBuildFile; fileRef = ABB1746D2988D8CB000165E6 /* PostDetailViewController.swift */; };
		ABB174732988DD11000165E6 /* TitleView.swift in Sources */ = {isa = PBXBuildFile; fileRef = ABB174722988DD11000165E6 /* TitleView.swift */; };
		ABB17479298B67D2000165E6 /* CommentTableViewCell.swift in Sources */ = {isa = PBXBuildFile; fileRef = ABB17478298B67D2000165E6 /* CommentTableViewCell.swift */; };
		ABB1747B298B67D9000165E6 /* ReplyTableViewCell.swift in Sources */ = {isa = PBXBuildFile; fileRef = ABB1747A298B67D9000165E6 /* ReplyTableViewCell.swift */; };
		ABB1747D298B6867000165E6 /* CommentModel.swift in Sources */ = {isa = PBXBuildFile; fileRef = ABB1747C298B6867000165E6 /* CommentModel.swift */; };
		ABB1747F298B7CFE000165E6 /* PostTableViewHeader.swift in Sources */ = {isa = PBXBuildFile; fileRef = ABB1747E298B7CFE000165E6 /* PostTableViewHeader.swift */; };
		ABB17481298B8CC1000165E6 /* UIButton +.swift in Sources */ = {isa = PBXBuildFile; fileRef = ABB17480298B8CC1000165E6 /* UIButton +.swift */; };
		ABB17486298CD827000165E6 /* UIAlertController +.swift in Sources */ = {isa = PBXBuildFile; fileRef = ABB17485298CD827000165E6 /* UIAlertController +.swift */; };
		ABF8333829752D1000E3DC16 /* AppDelegate.swift in Sources */ = {isa = PBXBuildFile; fileRef = ABF8333729752D1000E3DC16 /* AppDelegate.swift */; };
		ABF8333A29752D1000E3DC16 /* SceneDelegate.swift in Sources */ = {isa = PBXBuildFile; fileRef = ABF8333929752D1000E3DC16 /* SceneDelegate.swift */; };
		ABF8333F29752D1000E3DC16 /* Main.storyboard in Resources */ = {isa = PBXBuildFile; fileRef = ABF8333D29752D1000E3DC16 /* Main.storyboard */; };
		ABF8334129752D1100E3DC16 /* Assets.xcassets in Resources */ = {isa = PBXBuildFile; fileRef = ABF8334029752D1100E3DC16 /* Assets.xcassets */; };
		ABF8334429752D1100E3DC16 /* LaunchScreen.storyboard in Resources */ = {isa = PBXBuildFile; fileRef = ABF8334229752D1100E3DC16 /* LaunchScreen.storyboard */; };
		ABF8335229752DDD00E3DC16 /* UIView +.swift in Sources */ = {isa = PBXBuildFile; fileRef = ABF8335129752DDD00E3DC16 /* UIView +.swift */; };
		ABF8335529752E0500E3DC16 /* UIColor +.swift in Sources */ = {isa = PBXBuildFile; fileRef = ABF8335429752E0500E3DC16 /* UIColor +.swift */; };
		ABF8335729752E1F00E3DC16 /* UIStackView +.swift in Sources */ = {isa = PBXBuildFile; fileRef = ABF8335629752E1F00E3DC16 /* UIStackView +.swift */; };
		ABF8335929752ED500E3DC16 /* Adjusted +.swift in Sources */ = {isa = PBXBuildFile; fileRef = ABF8335829752ED500E3DC16 /* Adjusted +.swift */; };
		ABF8335F29752F2D00E3DC16 /* UITableViewCell +.swift in Sources */ = {isa = PBXBuildFile; fileRef = ABF8335E29752F2D00E3DC16 /* UITableViewCell +.swift */; };
		ABF8336129752F3C00E3DC16 /* UICollectionViewCell +.swift in Sources */ = {isa = PBXBuildFile; fileRef = ABF8336029752F3C00E3DC16 /* UICollectionViewCell +.swift */; };
		ABF833732976796900E3DC16 /* HomeViewController.swift in Sources */ = {isa = PBXBuildFile; fileRef = ABF833722976796900E3DC16 /* HomeViewController.swift */; };
		ABF833752976797300E3DC16 /* TImetableViewController.swift in Sources */ = {isa = PBXBuildFile; fileRef = ABF833742976797300E3DC16 /* TImetableViewController.swift */; };
		ABF833772976797B00E3DC16 /* MenuViewController.swift in Sources */ = {isa = PBXBuildFile; fileRef = ABF833762976797B00E3DC16 /* MenuViewController.swift */; };
		ABF833792976798500E3DC16 /* NotificationViewController.swift in Sources */ = {isa = PBXBuildFile; fileRef = ABF833782976798500E3DC16 /* NotificationViewController.swift */; };
		ABF8337B2976799100E3DC16 /* CampusPickViewController.swift in Sources */ = {isa = PBXBuildFile; fileRef = ABF8337A2976799100E3DC16 /* CampusPickViewController.swift */; };
		ABF8337D297679BB00E3DC16 /* EverytimeTabBarController.swift in Sources */ = {isa = PBXBuildFile; fileRef = ABF8337C297679BB00E3DC16 /* EverytimeTabBarController.swift */; };
		ABF833812976889600E3DC16 /* SnapKit in Frameworks */ = {isa = PBXBuildFile; productRef = ABF833802976889600E3DC16 /* SnapKit */; };
		ABF83384297688A000E3DC16 /* Then in Frameworks */ = {isa = PBXBuildFile; productRef = ABF83383297688A000E3DC16 /* Then */; };
		ABF83387297688C800E3DC16 /* Moya in Frameworks */ = {isa = PBXBuildFile; productRef = ABF83386297688C800E3DC16 /* Moya */; };
		ABF833892976ACEA00E3DC16 /* UITabBar +.swift in Sources */ = {isa = PBXBuildFile; fileRef = ABF833882976ACEA00E3DC16 /* UITabBar +.swift */; };
		ABF8338B2976ADAD00E3DC16 /* CALayer +.swift in Sources */ = {isa = PBXBuildFile; fileRef = ABF8338A2976ADAD00E3DC16 /* CALayer +.swift */; };
/* End PBXBuildFile section */

/* Begin PBXFileReference section */
		AB1E73922993D000009A44E4 /* WriteViewController.swift */ = {isa = PBXFileReference; lastKnownFileType = sourcecode.swift; path = WriteViewController.swift; sourceTree = "<group>"; };
		AB4CFF952998C842006A3866 /* BoardMenuViewController.swift */ = {isa = PBXFileReference; lastKnownFileType = sourcecode.swift; path = BoardMenuViewController.swift; sourceTree = "<group>"; };
		AB4CFF972998C89F006A3866 /* CareerMenuViewController.swift */ = {isa = PBXFileReference; lastKnownFileType = sourcecode.swift; path = CareerMenuViewController.swift; sourceTree = "<group>"; };
		AB4CFF992998C8B4006A3866 /* AdvertiseMenuViewController.swift */ = {isa = PBXFileReference; lastKnownFileType = sourcecode.swift; path = AdvertiseMenuViewController.swift; sourceTree = "<group>"; };
		AB4CFF9B2998C8D0006A3866 /* GroupMenuViewController.swift */ = {isa = PBXFileReference; lastKnownFileType = sourcecode.swift; path = GroupMenuViewController.swift; sourceTree = "<group>"; };
		AB4CFF9E2998D8A5006A3866 /* MenuTabCollectionViewCell.swift */ = {isa = PBXFileReference; lastKnownFileType = sourcecode.swift; path = MenuTabCollectionViewCell.swift; sourceTree = "<group>"; };
		AB5C7C2329812FAF00CCD3D9 /* FavoriteBoardModel.swift */ = {isa = PBXFileReference; lastKnownFileType = sourcecode.swift; path = FavoriteBoardModel.swift; sourceTree = "<group>"; };
		AB5C7C25298131EF00CCD3D9 /* MenuModel.swift */ = {isa = PBXFileReference; lastKnownFileType = sourcecode.swift; path = MenuModel.swift; sourceTree = "<group>"; };
		AB7DCCC0297D9136002F46FE /* EventCollectionViewCell.swift */ = {isa = PBXFileReference; lastKnownFileType = sourcecode.swift; path = EventCollectionViewCell.swift; sourceTree = "<group>"; };
		AB7DCCC8297D9E21002F46FE /* MenuCollectionViewCell.swift */ = {isa = PBXFileReference; lastKnownFileType = sourcecode.swift; path = MenuCollectionViewCell.swift; sourceTree = "<group>"; };
		AB7DCCCA297DAA65002F46FE /* BoardTableViewCell.swift */ = {isa = PBXFileReference; lastKnownFileType = sourcecode.swift; path = BoardTableViewCell.swift; sourceTree = "<group>"; };
		AB7DCCCC297FD82D002F46FE /* BoardPreviewTableViewCell.swift */ = {isa = PBXFileReference; lastKnownFileType = sourcecode.swift; path = BoardPreviewTableViewCell.swift; sourceTree = "<group>"; };
		AB7DCCCE297FDD13002F46FE /* HomeTableViewHeader.swift */ = {isa = PBXFileReference; lastKnownFileType = sourcecode.swift; path = HomeTableViewHeader.swift; sourceTree = "<group>"; };
		AB7DCCD0297FDD9E002F46FE /* UITableViewHeaderFooterView +.swift */ = {isa = PBXFileReference; lastKnownFileType = sourcecode.swift; path = "UITableViewHeaderFooterView +.swift"; sourceTree = "<group>"; };
		AB8B570A29A360E10059EBDC /* MenuBoardPostViewController.swift */ = {isa = PBXFileReference; lastKnownFileType = sourcecode.swift; path = MenuBoardPostViewController.swift; sourceTree = "<group>"; };
		AB8B570C29A364AB0059EBDC /* ModifyPostViewController.swift */ = {isa = PBXFileReference; lastKnownFileType = sourcecode.swift; path = ModifyPostViewController.swift; sourceTree = "<group>"; };
		AB8B570E29A38EC80059EBDC /* MenuBoardListViewController.swift */ = {isa = PBXFileReference; lastKnownFileType = sourcecode.swift; path = MenuBoardListViewController.swift; sourceTree = "<group>"; };
		AB8B571629A5D5510059EBDC /* BoardSearchCollectionViewCell.swift */ = {isa = PBXFileReference; lastKnownFileType = sourcecode.swift; path = BoardSearchCollectionViewCell.swift; sourceTree = "<group>"; };
		AB8B571829A5D8B60059EBDC /* BoardSearchViewController.swift */ = {isa = PBXFileReference; lastKnownFileType = sourcecode.swift; path = BoardSearchViewController.swift; sourceTree = "<group>"; };
		AB9A61EB299CB0BC005CA2DB /* MainMenuCollectionViewCell.swift */ = {isa = PBXFileReference; lastKnownFileType = sourcecode.swift; path = MainMenuCollectionViewCell.swift; sourceTree = "<group>"; };
		AB9A61EF299CB881005CA2DB /* MainDetailTableViewCell.swift */ = {isa = PBXFileReference; lastKnownFileType = sourcecode.swift; path = MainDetailTableViewCell.swift; sourceTree = "<group>"; };
		AB9A61F2299CC0BD005CA2DB /* BoardMainMenuModel.swift */ = {isa = PBXFileReference; lastKnownFileType = sourcecode.swift; path = BoardMainMenuModel.swift; sourceTree = "<group>"; };
		AB9A61F4299CC439005CA2DB /* MenuBoardMyListViewController.swift */ = {isa = PBXFileReference; lastKnownFileType = sourcecode.swift; path = MenuBoardMyListViewController.swift; sourceTree = "<group>"; };
		AB9A61F6299CCF36005CA2DB /* PinMenuCollectionViewCell.swift */ = {isa = PBXFileReference; lastKnownFileType = sourcecode.swift; path = PinMenuCollectionViewCell.swift; sourceTree = "<group>"; };
		AB9A61F8299CD177005CA2DB /* PinDetailTableViewCell.swift */ = {isa = PBXFileReference; lastKnownFileType = sourcecode.swift; path = PinDetailTableViewCell.swift; sourceTree = "<group>"; };
		AB9A61FA299CD3AA005CA2DB /* PinMenuModel.swift */ = {isa = PBXFileReference; lastKnownFileType = sourcecode.swift; path = PinMenuModel.swift; sourceTree = "<group>"; };
		ABA5BF3F2987C09E007A6BD5 /* BoardViewController.swift */ = {isa = PBXFileReference; lastKnownFileType = sourcecode.swift; path = BoardViewController.swift; sourceTree = "<group>"; };
		ABB174592988078E000165E6 /* BoardTableViewHeader.swift */ = {isa = PBXFileReference; lastKnownFileType = sourcecode.swift; path = BoardTableViewHeader.swift; sourceTree = "<group>"; };
		ABB1746629880F6F000165E6 /* PostTableViewCell.swift */ = {isa = PBXFileReference; lastKnownFileType = sourcecode.swift; path = PostTableViewCell.swift; sourceTree = "<group>"; };
		ABB17469298824E6000165E6 /* PostModel.swift */ = {isa = PBXFileReference; lastKnownFileType = sourcecode.swift; path = PostModel.swift; sourceTree = "<group>"; };
		ABB1746D2988D8CB000165E6 /* PostDetailViewController.swift */ = {isa = PBXFileReference; lastKnownFileType = sourcecode.swift; path = PostDetailViewController.swift; sourceTree = "<group>"; };
		ABB174722988DD11000165E6 /* TitleView.swift */ = {isa = PBXFileReference; lastKnownFileType = sourcecode.swift; path = TitleView.swift; sourceTree = "<group>"; };
		ABB17478298B67D2000165E6 /* CommentTableViewCell.swift */ = {isa = PBXFileReference; lastKnownFileType = sourcecode.swift; path = CommentTableViewCell.swift; sourceTree = "<group>"; };
		ABB1747A298B67D9000165E6 /* ReplyTableViewCell.swift */ = {isa = PBXFileReference; lastKnownFileType = sourcecode.swift; path = ReplyTableViewCell.swift; sourceTree = "<group>"; };
		ABB1747C298B6867000165E6 /* CommentModel.swift */ = {isa = PBXFileReference; lastKnownFileType = sourcecode.swift; path = CommentModel.swift; sourceTree = "<group>"; };
		ABB1747E298B7CFE000165E6 /* PostTableViewHeader.swift */ = {isa = PBXFileReference; lastKnownFileType = sourcecode.swift; path = PostTableViewHeader.swift; sourceTree = "<group>"; };
		ABB17480298B8CC1000165E6 /* UIButton +.swift */ = {isa = PBXFileReference; lastKnownFileType = sourcecode.swift; path = "UIButton +.swift"; sourceTree = "<group>"; };
		ABB17485298CD827000165E6 /* UIAlertController +.swift */ = {isa = PBXFileReference; lastKnownFileType = sourcecode.swift; path = "UIAlertController +.swift"; sourceTree = "<group>"; };
		ABF8333429752D1000E3DC16 /* every-time-iOS.app */ = {isa = PBXFileReference; explicitFileType = wrapper.application; includeInIndex = 0; path = "every-time-iOS.app"; sourceTree = BUILT_PRODUCTS_DIR; };
		ABF8333729752D1000E3DC16 /* AppDelegate.swift */ = {isa = PBXFileReference; lastKnownFileType = sourcecode.swift; path = AppDelegate.swift; sourceTree = "<group>"; };
		ABF8333929752D1000E3DC16 /* SceneDelegate.swift */ = {isa = PBXFileReference; lastKnownFileType = sourcecode.swift; path = SceneDelegate.swift; sourceTree = "<group>"; };
		ABF8333E29752D1000E3DC16 /* Base */ = {isa = PBXFileReference; lastKnownFileType = file.storyboard; name = Base; path = Base.lproj/Main.storyboard; sourceTree = "<group>"; };
		ABF8334029752D1100E3DC16 /* Assets.xcassets */ = {isa = PBXFileReference; lastKnownFileType = folder.assetcatalog; path = Assets.xcassets; sourceTree = "<group>"; };
		ABF8334329752D1100E3DC16 /* Base */ = {isa = PBXFileReference; lastKnownFileType = file.storyboard; name = Base; path = Base.lproj/LaunchScreen.storyboard; sourceTree = "<group>"; };
		ABF8334529752D1100E3DC16 /* Info.plist */ = {isa = PBXFileReference; lastKnownFileType = text.plist.xml; path = Info.plist; sourceTree = "<group>"; };
		ABF8335129752DDD00E3DC16 /* UIView +.swift */ = {isa = PBXFileReference; lastKnownFileType = sourcecode.swift; path = "UIView +.swift"; sourceTree = "<group>"; };
		ABF8335429752E0500E3DC16 /* UIColor +.swift */ = {isa = PBXFileReference; lastKnownFileType = sourcecode.swift; path = "UIColor +.swift"; sourceTree = "<group>"; };
		ABF8335629752E1F00E3DC16 /* UIStackView +.swift */ = {isa = PBXFileReference; lastKnownFileType = sourcecode.swift; path = "UIStackView +.swift"; sourceTree = "<group>"; };
		ABF8335829752ED500E3DC16 /* Adjusted +.swift */ = {isa = PBXFileReference; lastKnownFileType = sourcecode.swift; path = "Adjusted +.swift"; sourceTree = "<group>"; };
		ABF8335E29752F2D00E3DC16 /* UITableViewCell +.swift */ = {isa = PBXFileReference; lastKnownFileType = sourcecode.swift; path = "UITableViewCell +.swift"; sourceTree = "<group>"; };
		ABF8336029752F3C00E3DC16 /* UICollectionViewCell +.swift */ = {isa = PBXFileReference; lastKnownFileType = sourcecode.swift; path = "UICollectionViewCell +.swift"; sourceTree = "<group>"; };
		ABF833722976796900E3DC16 /* HomeViewController.swift */ = {isa = PBXFileReference; lastKnownFileType = sourcecode.swift; path = HomeViewController.swift; sourceTree = "<group>"; };
		ABF833742976797300E3DC16 /* TImetableViewController.swift */ = {isa = PBXFileReference; lastKnownFileType = sourcecode.swift; path = TImetableViewController.swift; sourceTree = "<group>"; };
		ABF833762976797B00E3DC16 /* MenuViewController.swift */ = {isa = PBXFileReference; lastKnownFileType = sourcecode.swift; path = MenuViewController.swift; sourceTree = "<group>"; };
		ABF833782976798500E3DC16 /* NotificationViewController.swift */ = {isa = PBXFileReference; lastKnownFileType = sourcecode.swift; path = NotificationViewController.swift; sourceTree = "<group>"; };
		ABF8337A2976799100E3DC16 /* CampusPickViewController.swift */ = {isa = PBXFileReference; lastKnownFileType = sourcecode.swift; path = CampusPickViewController.swift; sourceTree = "<group>"; };
		ABF8337C297679BB00E3DC16 /* EverytimeTabBarController.swift */ = {isa = PBXFileReference; lastKnownFileType = sourcecode.swift; path = EverytimeTabBarController.swift; sourceTree = "<group>"; };
		ABF833882976ACEA00E3DC16 /* UITabBar +.swift */ = {isa = PBXFileReference; lastKnownFileType = sourcecode.swift; path = "UITabBar +.swift"; sourceTree = "<group>"; };
		ABF8338A2976ADAD00E3DC16 /* CALayer +.swift */ = {isa = PBXFileReference; lastKnownFileType = sourcecode.swift; path = "CALayer +.swift"; sourceTree = "<group>"; };
/* End PBXFileReference section */

/* Begin PBXFrameworksBuildPhase section */
		ABF8333129752D1000E3DC16 /* Frameworks */ = {
			isa = PBXFrameworksBuildPhase;
			buildActionMask = 2147483647;
			files = (
				ABF833812976889600E3DC16 /* SnapKit in Frameworks */,
				ABF83384297688A000E3DC16 /* Then in Frameworks */,
				ABF83387297688C800E3DC16 /* Moya in Frameworks */,
			);
			runOnlyForDeploymentPostprocessing = 0;
		};
/* End PBXFrameworksBuildPhase section */

/* Begin PBXGroup section */
		AB4CFF942998C824006A3866 /* ViewController */ = {
			isa = PBXGroup;
			children = (
				AB8B570629A355AE0059EBDC /* Board */,
				AB8B570729A355B80059EBDC /* Career */,
				AB8B570829A355BE0059EBDC /* Advertise */,
				AB8B570929A355C40059EBDC /* Group */,
			);
			path = ViewController;
			sourceTree = "<group>";
		};
		AB4CFF9D2998D894006A3866 /* Cell */ = {
			isa = PBXGroup;
			children = (
				AB9A61ED299CB842005CA2DB /* CollectionViewCell */,
				AB9A61EE299CB850005CA2DB /* TableViewCell */,
			);
			path = Cell;
			sourceTree = "<group>";
		};
		AB5C7C2229812F9B00CCD3D9 /* Model */ = {
			isa = PBXGroup;
			children = (
				AB5C7C2329812FAF00CCD3D9 /* FavoriteBoardModel.swift */,
				AB5C7C25298131EF00CCD3D9 /* MenuModel.swift */,
			);
			path = Model;
			sourceTree = "<group>";
		};
		AB7DCCB4297D8CBF002F46FE /* ViewController */ = {
			isa = PBXGroup;
			children = (
				ABF833722976796900E3DC16 /* HomeViewController.swift */,
			);
			path = ViewController;
			sourceTree = "<group>";
		};
		AB7DCCB5297D8CCB002F46FE /* Cell */ = {
			isa = PBXGroup;
			children = (
				AB7DCCCE297FDD13002F46FE /* HomeTableViewHeader.swift */,
				AB7DCCBF297D9116002F46FE /* CollectionViewCell */,
				AB7DCCBE297D910E002F46FE /* TableViewCell */,
			);
			path = Cell;
			sourceTree = "<group>";
		};
		AB7DCCBE297D910E002F46FE /* TableViewCell */ = {
			isa = PBXGroup;
			children = (
				AB7DCCCA297DAA65002F46FE /* BoardTableViewCell.swift */,
				AB7DCCCC297FD82D002F46FE /* BoardPreviewTableViewCell.swift */,
			);
			path = TableViewCell;
			sourceTree = "<group>";
		};
		AB7DCCBF297D9116002F46FE /* CollectionViewCell */ = {
			isa = PBXGroup;
			children = (
				AB7DCCC0297D9136002F46FE /* EventCollectionViewCell.swift */,
				AB7DCCC8297D9E21002F46FE /* MenuCollectionViewCell.swift */,
			);
			path = CollectionViewCell;
			sourceTree = "<group>";
		};
		AB8B570629A355AE0059EBDC /* Board */ = {
			isa = PBXGroup;
			children = (
				ABF833762976797B00E3DC16 /* MenuViewController.swift */,
				AB4CFF952998C842006A3866 /* BoardMenuViewController.swift */,
				AB9A61F4299CC439005CA2DB /* MenuBoardMyListViewController.swift */,
				AB8B570A29A360E10059EBDC /* MenuBoardPostViewController.swift */,
				AB8B570E29A38EC80059EBDC /* MenuBoardListViewController.swift */,
				AB8B570C29A364AB0059EBDC /* ModifyPostViewController.swift */,
				AB8B571829A5D8B60059EBDC /* BoardSearchViewController.swift */,
			);
			path = Board;
			sourceTree = "<group>";
		};
		AB8B570729A355B80059EBDC /* Career */ = {
			isa = PBXGroup;
			children = (
				AB4CFF972998C89F006A3866 /* CareerMenuViewController.swift */,
			);
			path = Career;
			sourceTree = "<group>";
		};
		AB8B570829A355BE0059EBDC /* Advertise */ = {
			isa = PBXGroup;
			children = (
				AB4CFF992998C8B4006A3866 /* AdvertiseMenuViewController.swift */,
			);
			path = Advertise;
			sourceTree = "<group>";
		};
		AB8B570929A355C40059EBDC /* Group */ = {
			isa = PBXGroup;
			children = (
				AB4CFF9B2998C8D0006A3866 /* GroupMenuViewController.swift */,
			);
			path = Group;
			sourceTree = "<group>";
		};
		AB9A61ED299CB842005CA2DB /* CollectionViewCell */ = {
			isa = PBXGroup;
			children = (
				AB4CFF9E2998D8A5006A3866 /* MenuTabCollectionViewCell.swift */,
				AB9A61EB299CB0BC005CA2DB /* MainMenuCollectionViewCell.swift */,
				AB9A61F6299CCF36005CA2DB /* PinMenuCollectionViewCell.swift */,
				AB8B571629A5D5510059EBDC /* BoardSearchCollectionViewCell.swift */,
			);
			path = CollectionViewCell;
			sourceTree = "<group>";
		};
		AB9A61EE299CB850005CA2DB /* TableViewCell */ = {
			isa = PBXGroup;
			children = (
				AB9A61EF299CB881005CA2DB /* MainDetailTableViewCell.swift */,
				AB9A61F8299CD177005CA2DB /* PinDetailTableViewCell.swift */,
			);
			path = TableViewCell;
			sourceTree = "<group>";
		};
		AB9A61F1299CC0A1005CA2DB /* Model */ = {
			isa = PBXGroup;
			children = (
				AB9A61F2299CC0BD005CA2DB /* BoardMainMenuModel.swift */,
				AB9A61FA299CD3AA005CA2DB /* PinMenuModel.swift */,
			);
			path = Model;
			sourceTree = "<group>";
		};
		ABA5BF3D2987C08C007A6BD5 /* Board */ = {
			isa = PBXGroup;
			children = (
				ABB174712988DD01000165E6 /* View */,
				ABB17468298824D9000165E6 /* Model */,
				ABB1745829880772000165E6 /* Cell */,
				ABA5BF3E2987C092007A6BD5 /* ViewController */,
			);
			path = Board;
			sourceTree = "<group>";
		};
		ABA5BF3E2987C092007A6BD5 /* ViewController */ = {
			isa = PBXGroup;
			children = (
				ABA5BF3F2987C09E007A6BD5 /* BoardViewController.swift */,
				ABB1746D2988D8CB000165E6 /* PostDetailViewController.swift */,
				AB1E73922993D000009A44E4 /* WriteViewController.swift */,
			);
			path = ViewController;
			sourceTree = "<group>";
		};
		ABB1745829880772000165E6 /* Cell */ = {
			isa = PBXGroup;
			children = (
				ABB1745B29880A3D000165E6 /* Header */,
				ABB1745C29880A45000165E6 /* TableViewCell */,
			);
			path = Cell;
			sourceTree = "<group>";
		};
		ABB1745B29880A3D000165E6 /* Header */ = {
			isa = PBXGroup;
			children = (
				ABB174592988078E000165E6 /* BoardTableViewHeader.swift */,
				ABB1747E298B7CFE000165E6 /* PostTableViewHeader.swift */,
			);
			path = Header;
			sourceTree = "<group>";
		};
		ABB1745C29880A45000165E6 /* TableViewCell */ = {
			isa = PBXGroup;
			children = (
				ABB1746629880F6F000165E6 /* PostTableViewCell.swift */,
				ABB17478298B67D2000165E6 /* CommentTableViewCell.swift */,
				ABB1747A298B67D9000165E6 /* ReplyTableViewCell.swift */,
			);
			path = TableViewCell;
			sourceTree = "<group>";
		};
		ABB17468298824D9000165E6 /* Model */ = {
			isa = PBXGroup;
			children = (
				ABB17469298824E6000165E6 /* PostModel.swift */,
				ABB1747C298B6867000165E6 /* CommentModel.swift */,
			);
			path = Model;
			sourceTree = "<group>";
		};
		ABB174712988DD01000165E6 /* View */ = {
			isa = PBXGroup;
			children = (
				ABB174722988DD11000165E6 /* TitleView.swift */,
			);
			path = View;
			sourceTree = "<group>";
		};
		ABF8332B29752D1000E3DC16 = {
			isa = PBXGroup;
			children = (
				ABF8333629752D1000E3DC16 /* every-time-iOS */,
				ABF8333529752D1000E3DC16 /* Products */,
			);
			sourceTree = "<group>";
		};
		ABF8333529752D1000E3DC16 /* Products */ = {
			isa = PBXGroup;
			children = (
				ABF8333429752D1000E3DC16 /* every-time-iOS.app */,
			);
			name = Products;
			sourceTree = "<group>";
		};
		ABF8333629752D1000E3DC16 /* every-time-iOS */ = {
			isa = PBXGroup;
			children = (
				ABF8334B29752D5400E3DC16 /* Global */,
				ABF8334C29752D5E00E3DC16 /* Application */,
				ABF8334D29752D7000E3DC16 /* Resources */,
				ABF8334F29752D9B00E3DC16 /* Presentation */,
				ABF8334529752D1100E3DC16 /* Info.plist */,
			);
			path = "every-time-iOS";
			sourceTree = "<group>";
		};
		ABF8334B29752D5400E3DC16 /* Global */ = {
			isa = PBXGroup;
			children = (
				ABF8335029752DD100E3DC16 /* Extension */,
			);
			path = Global;
			sourceTree = "<group>";
		};
		ABF8334C29752D5E00E3DC16 /* Application */ = {
			isa = PBXGroup;
			children = (
				ABF8333729752D1000E3DC16 /* AppDelegate.swift */,
				ABF8333929752D1000E3DC16 /* SceneDelegate.swift */,
				ABF8333D29752D1000E3DC16 /* Main.storyboard */,
				ABF8334229752D1100E3DC16 /* LaunchScreen.storyboard */,
			);
			path = Application;
			sourceTree = "<group>";
		};
		ABF8334D29752D7000E3DC16 /* Resources */ = {
			isa = PBXGroup;
			children = (
				ABF8334029752D1100E3DC16 /* Assets.xcassets */,
			);
			path = Resources;
			sourceTree = "<group>";
		};
		ABF8334F29752D9B00E3DC16 /* Presentation */ = {
			isa = PBXGroup;
			children = (
				ABF8336B2976784200E3DC16 /* Common */,
				ABF8336D2976791500E3DC16 /* Home */,
				ABA5BF3D2987C08C007A6BD5 /* Board */,
				ABF8336E2976791E00E3DC16 /* Timetable */,
				ABF8336F2976793700E3DC16 /* Menu */,
				ABF833702976794400E3DC16 /* Notification */,
				ABF833712976795400E3DC16 /* CampusPick */,
			);
			path = Presentation;
			sourceTree = "<group>";
		};
		ABF8335029752DD100E3DC16 /* Extension */ = {
			isa = PBXGroup;
			children = (
				ABF8335129752DDD00E3DC16 /* UIView +.swift */,
				ABF8335429752E0500E3DC16 /* UIColor +.swift */,
				ABF8335629752E1F00E3DC16 /* UIStackView +.swift */,
				ABF8335829752ED500E3DC16 /* Adjusted +.swift */,
				ABF8335E29752F2D00E3DC16 /* UITableViewCell +.swift */,
				ABF8336029752F3C00E3DC16 /* UICollectionViewCell +.swift */,
				ABF833882976ACEA00E3DC16 /* UITabBar +.swift */,
				ABF8338A2976ADAD00E3DC16 /* CALayer +.swift */,
				AB7DCCD0297FDD9E002F46FE /* UITableViewHeaderFooterView +.swift */,
				ABB17480298B8CC1000165E6 /* UIButton +.swift */,
				ABB17485298CD827000165E6 /* UIAlertController +.swift */,
			);
			path = Extension;
			sourceTree = "<group>";
		};
		ABF8336B2976784200E3DC16 /* Common */ = {
			isa = PBXGroup;
			children = (
				ABF8337C297679BB00E3DC16 /* EverytimeTabBarController.swift */,
			);
			path = Common;
			sourceTree = "<group>";
		};
		ABF8336D2976791500E3DC16 /* Home */ = {
			isa = PBXGroup;
			children = (
				AB5C7C2229812F9B00CCD3D9 /* Model */,
				AB7DCCB5297D8CCB002F46FE /* Cell */,
				AB7DCCB4297D8CBF002F46FE /* ViewController */,
			);
			path = Home;
			sourceTree = "<group>";
		};
		ABF8336E2976791E00E3DC16 /* Timetable */ = {
			isa = PBXGroup;
			children = (
				ABF833742976797300E3DC16 /* TImetableViewController.swift */,
			);
			path = Timetable;
			sourceTree = "<group>";
		};
		ABF8336F2976793700E3DC16 /* Menu */ = {
			isa = PBXGroup;
			children = (
				AB9A61F1299CC0A1005CA2DB /* Model */,
				AB4CFF9D2998D894006A3866 /* Cell */,
				AB4CFF942998C824006A3866 /* ViewController */,
			);
			path = Menu;
			sourceTree = "<group>";
		};
		ABF833702976794400E3DC16 /* Notification */ = {
			isa = PBXGroup;
			children = (
				ABF833782976798500E3DC16 /* NotificationViewController.swift */,
			);
			path = Notification;
			sourceTree = "<group>";
		};
		ABF833712976795400E3DC16 /* CampusPick */ = {
			isa = PBXGroup;
			children = (
				ABF8337A2976799100E3DC16 /* CampusPickViewController.swift */,
			);
			path = CampusPick;
			sourceTree = "<group>";
		};
/* End PBXGroup section */

/* Begin PBXNativeTarget section */
		ABF8333329752D1000E3DC16 /* every-time-iOS */ = {
			isa = PBXNativeTarget;
			buildConfigurationList = ABF8334829752D1100E3DC16 /* Build configuration list for PBXNativeTarget "every-time-iOS" */;
			buildPhases = (
				ABF8333029752D1000E3DC16 /* Sources */,
				ABF8333129752D1000E3DC16 /* Frameworks */,
				ABF8333229752D1000E3DC16 /* Resources */,
			);
			buildRules = (
			);
			dependencies = (
			);
			name = "every-time-iOS";
			packageProductDependencies = (
				ABF833802976889600E3DC16 /* SnapKit */,
				ABF83383297688A000E3DC16 /* Then */,
				ABF83386297688C800E3DC16 /* Moya */,
			);
			productName = "every-time-iOS";
			productReference = ABF8333429752D1000E3DC16 /* every-time-iOS.app */;
			productType = "com.apple.product-type.application";
		};
/* End PBXNativeTarget section */

/* Begin PBXProject section */
		ABF8332C29752D1000E3DC16 /* Project object */ = {
			isa = PBXProject;
			attributes = {
				BuildIndependentTargetsInParallel = 1;
				LastSwiftUpdateCheck = 1420;
				LastUpgradeCheck = 1420;
				TargetAttributes = {
					ABF8333329752D1000E3DC16 = {
						CreatedOnToolsVersion = 14.2;
					};
				};
			};
			buildConfigurationList = ABF8332F29752D1000E3DC16 /* Build configuration list for PBXProject "every-time-iOS" */;
			compatibilityVersion = "Xcode 14.0";
			developmentRegion = en;
			hasScannedForEncodings = 0;
			knownRegions = (
				en,
				Base,
			);
			mainGroup = ABF8332B29752D1000E3DC16;
			packageReferences = (
				ABF8337F2976889600E3DC16 /* XCRemoteSwiftPackageReference "SnapKit" */,
				ABF83382297688A000E3DC16 /* XCRemoteSwiftPackageReference "Then" */,
				ABF83385297688C800E3DC16 /* XCRemoteSwiftPackageReference "Moya" */,
			);
			productRefGroup = ABF8333529752D1000E3DC16 /* Products */;
			projectDirPath = "";
			projectRoot = "";
			targets = (
				ABF8333329752D1000E3DC16 /* every-time-iOS */,
			);
		};
/* End PBXProject section */

/* Begin PBXResourcesBuildPhase section */
		ABF8333229752D1000E3DC16 /* Resources */ = {
			isa = PBXResourcesBuildPhase;
			buildActionMask = 2147483647;
			files = (
				ABF8334429752D1100E3DC16 /* LaunchScreen.storyboard in Resources */,
				ABF8334129752D1100E3DC16 /* Assets.xcassets in Resources */,
				ABF8333F29752D1000E3DC16 /* Main.storyboard in Resources */,
			);
			runOnlyForDeploymentPostprocessing = 0;
		};
/* End PBXResourcesBuildPhase section */

/* Begin PBXSourcesBuildPhase section */
		ABF8333029752D1000E3DC16 /* Sources */ = {
			isa = PBXSourcesBuildPhase;
			buildActionMask = 2147483647;
			files = (
				ABF8336129752F3C00E3DC16 /* UICollectionViewCell +.swift in Sources */,
				ABF8335729752E1F00E3DC16 /* UIStackView +.swift in Sources */,
				AB8B570B29A360E10059EBDC /* MenuBoardPostViewController.swift in Sources */,
				ABB1747F298B7CFE000165E6 /* PostTableViewHeader.swift in Sources */,
				ABB1747B298B67D9000165E6 /* ReplyTableViewCell.swift in Sources */,
				ABF8335529752E0500E3DC16 /* UIColor +.swift in Sources */,
				AB9A61F7299CCF36005CA2DB /* PinMenuCollectionViewCell.swift in Sources */,
				ABF8337D297679BB00E3DC16 /* EverytimeTabBarController.swift in Sources */,
				ABA5BF402987C09E007A6BD5 /* BoardViewController.swift in Sources */,
				AB7DCCCF297FDD13002F46FE /* HomeTableViewHeader.swift in Sources */,
				AB9A61F5299CC439005CA2DB /* MenuBoardMyListViewController.swift in Sources */,
				ABB17481298B8CC1000165E6 /* UIButton +.swift in Sources */,
				ABB1747D298B6867000165E6 /* CommentModel.swift in Sources */,
				AB8B571929A5D8B60059EBDC /* BoardSearchViewController.swift in Sources */,
				AB5C7C2429812FAF00CCD3D9 /* FavoriteBoardModel.swift in Sources */,
				AB7DCCCD297FD82D002F46FE /* BoardPreviewTableViewCell.swift in Sources */,
				AB7DCCC9297D9E21002F46FE /* MenuCollectionViewCell.swift in Sources */,
				AB5C7C26298131EF00CCD3D9 /* MenuModel.swift in Sources */,
				AB9A61EC299CB0BC005CA2DB /* MainMenuCollectionViewCell.swift in Sources */,
				AB9A61F0299CB881005CA2DB /* MainDetailTableViewCell.swift in Sources */,
				ABF833752976797300E3DC16 /* TImetableViewController.swift in Sources */,
				ABF8335929752ED500E3DC16 /* Adjusted +.swift in Sources */,
				AB9A61F9299CD177005CA2DB /* PinDetailTableViewCell.swift in Sources */,
				AB4CFF9C2998C8D0006A3866 /* GroupMenuViewController.swift in Sources */,
				AB4CFF982998C89F006A3866 /* CareerMenuViewController.swift in Sources */,
				ABB1746E2988D8CB000165E6 /* PostDetailViewController.swift in Sources */,
				ABF8338B2976ADAD00E3DC16 /* CALayer +.swift in Sources */,
				ABF833732976796900E3DC16 /* HomeViewController.swift in Sources */,
				ABF833772976797B00E3DC16 /* MenuViewController.swift in Sources */,
				ABF833892976ACEA00E3DC16 /* UITabBar +.swift in Sources */,
				ABF8335229752DDD00E3DC16 /* UIView +.swift in Sources */,
				AB9A61FB299CD3AA005CA2DB /* PinMenuModel.swift in Sources */,
				ABB1746A298824E6000165E6 /* PostModel.swift in Sources */,
				AB7DCCC1297D9136002F46FE /* EventCollectionViewCell.swift in Sources */,
				AB7DCCD1297FDD9E002F46FE /* UITableViewHeaderFooterView +.swift in Sources */,
				AB8B570D29A364AB0059EBDC /* ModifyPostViewController.swift in Sources */,
				ABB17479298B67D2000165E6 /* CommentTableViewCell.swift in Sources */,
				ABB1745A2988078E000165E6 /* BoardTableViewHeader.swift in Sources */,
				AB8B571729A5D5510059EBDC /* BoardSearchCollectionViewCell.swift in Sources */,
				AB7DCCCB297DAA65002F46FE /* BoardTableViewCell.swift in Sources */,
				AB4CFF9A2998C8B4006A3866 /* AdvertiseMenuViewController.swift in Sources */,
				AB1E73932993D000009A44E4 /* WriteViewController.swift in Sources */,
				ABF833792976798500E3DC16 /* NotificationViewController.swift in Sources */,
				AB4CFF962998C842006A3866 /* BoardMenuViewController.swift in Sources */,
				ABB17486298CD827000165E6 /* UIAlertController +.swift in Sources */,
				AB9A61F3299CC0BD005CA2DB /* BoardMainMenuModel.swift in Sources */,
				ABF8333829752D1000E3DC16 /* AppDelegate.swift in Sources */,
				ABF8335F29752F2D00E3DC16 /* UITableViewCell +.swift in Sources */,
				ABF8337B2976799100E3DC16 /* CampusPickViewController.swift in Sources */,
				AB4CFF9F2998D8A5006A3866 /* MenuTabCollectionViewCell.swift in Sources */,
				AB8B570F29A38EC80059EBDC /* MenuBoardListViewController.swift in Sources */,
				ABF8333A29752D1000E3DC16 /* SceneDelegate.swift in Sources */,
				ABB1746729880F6F000165E6 /* PostTableViewCell.swift in Sources */,
				ABB174732988DD11000165E6 /* TitleView.swift in Sources */,
			);
			runOnlyForDeploymentPostprocessing = 0;
		};
/* End PBXSourcesBuildPhase section */

/* Begin PBXVariantGroup section */
		ABF8333D29752D1000E3DC16 /* Main.storyboard */ = {
			isa = PBXVariantGroup;
			children = (
				ABF8333E29752D1000E3DC16 /* Base */,
			);
			name = Main.storyboard;
			sourceTree = "<group>";
		};
		ABF8334229752D1100E3DC16 /* LaunchScreen.storyboard */ = {
			isa = PBXVariantGroup;
			children = (
				ABF8334329752D1100E3DC16 /* Base */,
			);
			name = LaunchScreen.storyboard;
			sourceTree = "<group>";
		};
/* End PBXVariantGroup section */

/* Begin XCBuildConfiguration section */
		ABF8334629752D1100E3DC16 /* Debug */ = {
			isa = XCBuildConfiguration;
			buildSettings = {
				ALWAYS_SEARCH_USER_PATHS = NO;
				CLANG_ANALYZER_NONNULL = YES;
				CLANG_ANALYZER_NUMBER_OBJECT_CONVERSION = YES_AGGRESSIVE;
				CLANG_CXX_LANGUAGE_STANDARD = "gnu++20";
				CLANG_ENABLE_MODULES = YES;
				CLANG_ENABLE_OBJC_ARC = YES;
				CLANG_ENABLE_OBJC_WEAK = YES;
				CLANG_WARN_BLOCK_CAPTURE_AUTORELEASING = YES;
				CLANG_WARN_BOOL_CONVERSION = YES;
				CLANG_WARN_COMMA = YES;
				CLANG_WARN_CONSTANT_CONVERSION = YES;
				CLANG_WARN_DEPRECATED_OBJC_IMPLEMENTATIONS = YES;
				CLANG_WARN_DIRECT_OBJC_ISA_USAGE = YES_ERROR;
				CLANG_WARN_DOCUMENTATION_COMMENTS = YES;
				CLANG_WARN_EMPTY_BODY = YES;
				CLANG_WARN_ENUM_CONVERSION = YES;
				CLANG_WARN_INFINITE_RECURSION = YES;
				CLANG_WARN_INT_CONVERSION = YES;
				CLANG_WARN_NON_LITERAL_NULL_CONVERSION = YES;
				CLANG_WARN_OBJC_IMPLICIT_RETAIN_SELF = YES;
				CLANG_WARN_OBJC_LITERAL_CONVERSION = YES;
				CLANG_WARN_OBJC_ROOT_CLASS = YES_ERROR;
				CLANG_WARN_QUOTED_INCLUDE_IN_FRAMEWORK_HEADER = YES;
				CLANG_WARN_RANGE_LOOP_ANALYSIS = YES;
				CLANG_WARN_STRICT_PROTOTYPES = YES;
				CLANG_WARN_SUSPICIOUS_MOVE = YES;
				CLANG_WARN_UNGUARDED_AVAILABILITY = YES_AGGRESSIVE;
				CLANG_WARN_UNREACHABLE_CODE = YES;
				CLANG_WARN__DUPLICATE_METHOD_MATCH = YES;
				COPY_PHASE_STRIP = NO;
				DEBUG_INFORMATION_FORMAT = dwarf;
				ENABLE_STRICT_OBJC_MSGSEND = YES;
				ENABLE_TESTABILITY = YES;
				GCC_C_LANGUAGE_STANDARD = gnu11;
				GCC_DYNAMIC_NO_PIC = NO;
				GCC_NO_COMMON_BLOCKS = YES;
				GCC_OPTIMIZATION_LEVEL = 0;
				GCC_PREPROCESSOR_DEFINITIONS = (
					"DEBUG=1",
					"$(inherited)",
				);
				GCC_WARN_64_TO_32_BIT_CONVERSION = YES;
				GCC_WARN_ABOUT_RETURN_TYPE = YES_ERROR;
				GCC_WARN_UNDECLARED_SELECTOR = YES;
				GCC_WARN_UNINITIALIZED_AUTOS = YES_AGGRESSIVE;
				GCC_WARN_UNUSED_FUNCTION = YES;
				GCC_WARN_UNUSED_VARIABLE = YES;
				IPHONEOS_DEPLOYMENT_TARGET = 16.2;
				MTL_ENABLE_DEBUG_INFO = INCLUDE_SOURCE;
				MTL_FAST_MATH = YES;
				ONLY_ACTIVE_ARCH = YES;
				SDKROOT = iphoneos;
				SWIFT_ACTIVE_COMPILATION_CONDITIONS = DEBUG;
				SWIFT_OPTIMIZATION_LEVEL = "-Onone";
			};
			name = Debug;
		};
		ABF8334729752D1100E3DC16 /* Release */ = {
			isa = XCBuildConfiguration;
			buildSettings = {
				ALWAYS_SEARCH_USER_PATHS = NO;
				CLANG_ANALYZER_NONNULL = YES;
				CLANG_ANALYZER_NUMBER_OBJECT_CONVERSION = YES_AGGRESSIVE;
				CLANG_CXX_LANGUAGE_STANDARD = "gnu++20";
				CLANG_ENABLE_MODULES = YES;
				CLANG_ENABLE_OBJC_ARC = YES;
				CLANG_ENABLE_OBJC_WEAK = YES;
				CLANG_WARN_BLOCK_CAPTURE_AUTORELEASING = YES;
				CLANG_WARN_BOOL_CONVERSION = YES;
				CLANG_WARN_COMMA = YES;
				CLANG_WARN_CONSTANT_CONVERSION = YES;
				CLANG_WARN_DEPRECATED_OBJC_IMPLEMENTATIONS = YES;
				CLANG_WARN_DIRECT_OBJC_ISA_USAGE = YES_ERROR;
				CLANG_WARN_DOCUMENTATION_COMMENTS = YES;
				CLANG_WARN_EMPTY_BODY = YES;
				CLANG_WARN_ENUM_CONVERSION = YES;
				CLANG_WARN_INFINITE_RECURSION = YES;
				CLANG_WARN_INT_CONVERSION = YES;
				CLANG_WARN_NON_LITERAL_NULL_CONVERSION = YES;
				CLANG_WARN_OBJC_IMPLICIT_RETAIN_SELF = YES;
				CLANG_WARN_OBJC_LITERAL_CONVERSION = YES;
				CLANG_WARN_OBJC_ROOT_CLASS = YES_ERROR;
				CLANG_WARN_QUOTED_INCLUDE_IN_FRAMEWORK_HEADER = YES;
				CLANG_WARN_RANGE_LOOP_ANALYSIS = YES;
				CLANG_WARN_STRICT_PROTOTYPES = YES;
				CLANG_WARN_SUSPICIOUS_MOVE = YES;
				CLANG_WARN_UNGUARDED_AVAILABILITY = YES_AGGRESSIVE;
				CLANG_WARN_UNREACHABLE_CODE = YES;
				CLANG_WARN__DUPLICATE_METHOD_MATCH = YES;
				COPY_PHASE_STRIP = NO;
				DEBUG_INFORMATION_FORMAT = "dwarf-with-dsym";
				ENABLE_NS_ASSERTIONS = NO;
				ENABLE_STRICT_OBJC_MSGSEND = YES;
				GCC_C_LANGUAGE_STANDARD = gnu11;
				GCC_NO_COMMON_BLOCKS = YES;
				GCC_WARN_64_TO_32_BIT_CONVERSION = YES;
				GCC_WARN_ABOUT_RETURN_TYPE = YES_ERROR;
				GCC_WARN_UNDECLARED_SELECTOR = YES;
				GCC_WARN_UNINITIALIZED_AUTOS = YES_AGGRESSIVE;
				GCC_WARN_UNUSED_FUNCTION = YES;
				GCC_WARN_UNUSED_VARIABLE = YES;
				IPHONEOS_DEPLOYMENT_TARGET = 16.2;
				MTL_ENABLE_DEBUG_INFO = NO;
				MTL_FAST_MATH = YES;
				SDKROOT = iphoneos;
				SWIFT_COMPILATION_MODE = wholemodule;
				SWIFT_OPTIMIZATION_LEVEL = "-O";
				VALIDATE_PRODUCT = YES;
			};
			name = Release;
		};
		ABF8334929752D1100E3DC16 /* Debug */ = {
			isa = XCBuildConfiguration;
			buildSettings = {
				ASSETCATALOG_COMPILER_APPICON_NAME = AppIcon;
				ASSETCATALOG_COMPILER_GLOBAL_ACCENT_COLOR_NAME = AccentColor;
				CODE_SIGN_STYLE = Automatic;
				CURRENT_PROJECT_VERSION = 1;
				DEVELOPMENT_TEAM = N3H5YNSQ64;
				GENERATE_INFOPLIST_FILE = YES;
				INFOPLIST_FILE = "every-time-iOS/Info.plist";
				INFOPLIST_KEY_UIApplicationSupportsIndirectInputEvents = YES;
				INFOPLIST_KEY_UILaunchStoryboardName = LaunchScreen;
				INFOPLIST_KEY_UIMainStoryboardFile = Main;
				INFOPLIST_KEY_UISupportedInterfaceOrientations_iPad = "UIInterfaceOrientationPortrait UIInterfaceOrientationPortraitUpsideDown UIInterfaceOrientationLandscapeLeft UIInterfaceOrientationLandscapeRight";
				INFOPLIST_KEY_UISupportedInterfaceOrientations_iPhone = "UIInterfaceOrientationPortrait UIInterfaceOrientationLandscapeLeft UIInterfaceOrientationLandscapeRight";
				IPHONEOS_DEPLOYMENT_TARGET = 15.0;
				LD_RUNPATH_SEARCH_PATHS = (
					"$(inherited)",
					"@executable_path/Frameworks",
				);
				MARKETING_VERSION = 1.0;
				PRODUCT_BUNDLE_IDENTIFIER = "min.every-time-iOS";
				PRODUCT_NAME = "$(TARGET_NAME)";
				SWIFT_EMIT_LOC_STRINGS = YES;
				SWIFT_VERSION = 5.0;
				TARGETED_DEVICE_FAMILY = "1,2";
			};
			name = Debug;
		};
		ABF8334A29752D1100E3DC16 /* Release */ = {
			isa = XCBuildConfiguration;
			buildSettings = {
				ASSETCATALOG_COMPILER_APPICON_NAME = AppIcon;
				ASSETCATALOG_COMPILER_GLOBAL_ACCENT_COLOR_NAME = AccentColor;
				CODE_SIGN_STYLE = Automatic;
				CURRENT_PROJECT_VERSION = 1;
				DEVELOPMENT_TEAM = N3H5YNSQ64;
				GENERATE_INFOPLIST_FILE = YES;
				INFOPLIST_FILE = "every-time-iOS/Info.plist";
				INFOPLIST_KEY_UIApplicationSupportsIndirectInputEvents = YES;
				INFOPLIST_KEY_UILaunchStoryboardName = LaunchScreen;
				INFOPLIST_KEY_UIMainStoryboardFile = Main;
				INFOPLIST_KEY_UISupportedInterfaceOrientations_iPad = "UIInterfaceOrientationPortrait UIInterfaceOrientationPortraitUpsideDown UIInterfaceOrientationLandscapeLeft UIInterfaceOrientationLandscapeRight";
				INFOPLIST_KEY_UISupportedInterfaceOrientations_iPhone = "UIInterfaceOrientationPortrait UIInterfaceOrientationLandscapeLeft UIInterfaceOrientationLandscapeRight";
				IPHONEOS_DEPLOYMENT_TARGET = 15.0;
				LD_RUNPATH_SEARCH_PATHS = (
					"$(inherited)",
					"@executable_path/Frameworks",
				);
				MARKETING_VERSION = 1.0;
				PRODUCT_BUNDLE_IDENTIFIER = "min.every-time-iOS";
				PRODUCT_NAME = "$(TARGET_NAME)";
				SWIFT_EMIT_LOC_STRINGS = YES;
				SWIFT_VERSION = 5.0;
				TARGETED_DEVICE_FAMILY = "1,2";
			};
			name = Release;
		};
/* End XCBuildConfiguration section */

/* Begin XCConfigurationList section */
		ABF8332F29752D1000E3DC16 /* Build configuration list for PBXProject "every-time-iOS" */ = {
			isa = XCConfigurationList;
			buildConfigurations = (
				ABF8334629752D1100E3DC16 /* Debug */,
				ABF8334729752D1100E3DC16 /* Release */,
			);
			defaultConfigurationIsVisible = 0;
			defaultConfigurationName = Release;
		};
		ABF8334829752D1100E3DC16 /* Build configuration list for PBXNativeTarget "every-time-iOS" */ = {
			isa = XCConfigurationList;
			buildConfigurations = (
				ABF8334929752D1100E3DC16 /* Debug */,
				ABF8334A29752D1100E3DC16 /* Release */,
			);
			defaultConfigurationIsVisible = 0;
			defaultConfigurationName = Release;
		};
/* End XCConfigurationList section */

/* Begin XCRemoteSwiftPackageReference section */
		ABF8337F2976889600E3DC16 /* XCRemoteSwiftPackageReference "SnapKit" */ = {
			isa = XCRemoteSwiftPackageReference;
			repositoryURL = "https://github.com/SnapKit/SnapKit";
			requirement = {
				branch = develop;
				kind = branch;
			};
		};
		ABF83382297688A000E3DC16 /* XCRemoteSwiftPackageReference "Then" */ = {
			isa = XCRemoteSwiftPackageReference;
			repositoryURL = "https://github.com/devxoul/Then";
			requirement = {
				branch = master;
				kind = branch;
			};
		};
		ABF83385297688C800E3DC16 /* XCRemoteSwiftPackageReference "Moya" */ = {
			isa = XCRemoteSwiftPackageReference;
			repositoryURL = "https://github.com/Moya/Moya.git";
			requirement = {
				kind = upToNextMajorVersion;
				minimumVersion = 15.0.0;
			};
		};
/* End XCRemoteSwiftPackageReference section */

/* Begin XCSwiftPackageProductDependency section */
		ABF833802976889600E3DC16 /* SnapKit */ = {
			isa = XCSwiftPackageProductDependency;
			package = ABF8337F2976889600E3DC16 /* XCRemoteSwiftPackageReference "SnapKit" */;
			productName = SnapKit;
		};
		ABF83383297688A000E3DC16 /* Then */ = {
			isa = XCSwiftPackageProductDependency;
			package = ABF83382297688A000E3DC16 /* XCRemoteSwiftPackageReference "Then" */;
			productName = Then;
		};
		ABF83386297688C800E3DC16 /* Moya */ = {
			isa = XCSwiftPackageProductDependency;
			package = ABF83385297688C800E3DC16 /* XCRemoteSwiftPackageReference "Moya" */;
			productName = Moya;
		};
/* End XCSwiftPackageProductDependency section */
	};
	rootObject = ABF8332C29752D1000E3DC16 /* Project object */;
}
